{
  "version": 4,
  "terraform_version": "1.2.5",
  "serial": 26,
  "lineage": "436e2d91-8fb0-0097-8c9e-b94ff6ff9441",
  "outputs": {},
  "resources": [
    {
      "mode": "data",
      "type": "aws_ami",
      "name": "ubuntu",
      "provider": "provider[\"registry.terraform.io/hashicorp/aws\"]",
      "instances": [
        {
          "schema_version": 0,
          "attributes": {
            "architecture": "x86_64",
            "arn": "arn:aws:ec2:us-east-1::image/ami-0070c5311b7677678",
            "block_device_mappings": [
              {
                "device_name": "/dev/sda1",
                "ebs": {
                  "delete_on_termination": "true",
                  "encrypted": "false",
                  "iops": "0",
                  "snapshot_id": "snap-0db3735e6b7f08d2c",
                  "throughput": "0",
                  "volume_size": "8",
                  "volume_type": "gp2"
                },
                "no_device": "",
                "virtual_name": ""
              },
              {
                "device_name": "/dev/sdb",
                "ebs": {},
                "no_device": "",
                "virtual_name": "ephemeral0"
              },
              {
                "device_name": "/dev/sdc",
                "ebs": {},
                "no_device": "",
                "virtual_name": "ephemeral1"
              }
            ],
            "boot_mode": "",
            "creation_date": "2022-07-07T00:49:12.000Z",
            "deprecation_time": "2024-07-07T00:49:12.000Z",
            "description": "Canonical, Ubuntu, 20.04 LTS, amd64 focal image build on 2022-07-06",
            "ena_support": true,
            "executable_users": null,
            "filter": [
              {
                "name": "name",
                "values": [
                  "ubuntu/images/hvm-ssd/ubuntu-focal-20.04-amd64-server-*"
                ]
              },
              {
                "name": "virtualization-type",
                "values": [
                  "hvm"
                ]
              }
            ],
            "hypervisor": "xen",
            "id": "ami-0070c5311b7677678",
            "image_id": "ami-0070c5311b7677678",
            "image_location": "099720109477/ubuntu/images/hvm-ssd/ubuntu-focal-20.04-amd64-server-20220706",
            "image_owner_alias": "",
            "image_type": "machine",
            "include_deprecated": false,
            "kernel_id": "",
            "most_recent": true,
            "name": "ubuntu/images/hvm-ssd/ubuntu-focal-20.04-amd64-server-20220706",
            "name_regex": null,
            "owner_id": "099720109477",
            "owners": [
              "099720109477"
            ],
            "platform": "",
            "platform_details": "Linux/UNIX",
            "product_codes": [],
            "public": true,
            "ramdisk_id": "",
            "root_device_name": "/dev/sda1",
            "root_device_type": "ebs",
            "root_snapshot_id": "snap-0db3735e6b7f08d2c",
            "sriov_net_support": "simple",
            "state": "available",
            "state_reason": {
              "code": "UNSET",
              "message": "UNSET"
            },
            "tags": {},
            "tpm_support": "",
            "usage_operation": "RunInstances",
            "virtualization_type": "hvm"
          },
          "sensitive_attributes": []
        }
      ]
    },
    {
      "mode": "managed",
      "type": "aws_eip",
      "name": "ms_eip",
      "provider": "provider[\"registry.terraform.io/hashicorp/aws\"]",
      "instances": [
        {
          "schema_version": 0,
          "attributes": {
            "address": null,
            "allocation_id": "eipalloc-03a03da5844d26696",
            "associate_with_private_ip": null,
            "association_id": "",
            "carrier_ip": "",
            "customer_owned_ip": "",
            "customer_owned_ipv4_pool": "",
            "domain": "vpc",
            "id": "eipalloc-03a03da5844d26696",
            "instance": "",
            "network_border_group": "us-east-1",
            "network_interface": "",
            "private_dns": null,
            "private_ip": "",
            "public_dns": "ec2-23-21-1-235.compute-1.amazonaws.com",
            "public_ip": "23.21.1.235",
            "public_ipv4_pool": "amazon",
            "tags": null,
            "tags_all": {},
            "timeouts": null,
            "vpc": true
          },
          "sensitive_attributes": [],
          "private": "eyJlMmJmYjczMC1lY2FhLTExZTYtOGY4OC0zNDM2M2JjN2M0YzAiOnsiZGVsZXRlIjoxODAwMDAwMDAwMDAsInJlYWQiOjkwMDAwMDAwMDAwMCwidXBkYXRlIjozMDAwMDAwMDAwMDB9fQ=="
        }
      ]
    },
    {
      "mode": "managed",
      "type": "aws_instance",
      "name": "ms_application",
      "provider": "provider[\"registry.terraform.io/hashicorp/aws\"]",
      "instances": [
        {
          "schema_version": 1,
          "attributes": {
            "ami": "ami-0070c5311b7677678",
            "arn": "arn:aws:ec2:us-east-1:636110217222:instance/i-0054da004f136abc0",
            "associate_public_ip_address": false,
            "availability_zone": "us-east-1d",
            "capacity_reservation_specification": [
              {
                "capacity_reservation_preference": "open",
                "capacity_reservation_target": []
              }
            ],
            "cpu_core_count": 1,
            "cpu_threads_per_core": 1,
            "credit_specification": [
              {
                "cpu_credits": "standard"
              }
            ],
            "disable_api_stop": false,
            "disable_api_termination": false,
            "ebs_block_device": [],
            "ebs_optimized": false,
            "enclave_options": [
              {
                "enabled": false
              }
            ],
            "ephemeral_block_device": [],
            "get_password_data": false,
            "hibernation": false,
            "host_id": null,
            "iam_instance_profile": "",
            "id": "i-0054da004f136abc0",
            "instance_initiated_shutdown_behavior": "stop",
            "instance_state": "running",
            "instance_type": "t2.micro",
            "ipv6_address_count": 0,
            "ipv6_addresses": [],
            "key_name": "some_key",
            "launch_template": [],
            "maintenance_options": [
              {
                "auto_recovery": "default"
              }
            ],
            "metadata_options": [
              {
                "http_endpoint": "enabled",
                "http_put_response_hop_limit": 1,
                "http_tokens": "optional",
                "instance_metadata_tags": "disabled"
              }
            ],
            "monitoring": false,
            "network_interface": [],
            "outpost_arn": "",
            "password_data": "",
            "placement_group": "",
            "placement_partition_number": null,
            "primary_network_interface_id": "eni-0f0e29e995564ad2d",
            "private_dns": "ip-10-0-2-209.ec2.internal",
            "private_dns_name_options": [
              {
                "enable_resource_name_dns_a_record": false,
                "enable_resource_name_dns_aaaa_record": false,
                "hostname_type": "ip-name"
              }
            ],
            "private_ip": "10.0.2.209",
            "public_dns": "",
            "public_ip": "",
            "root_block_device": [
              {
                "delete_on_termination": true,
                "device_name": "/dev/sda1",
                "encrypted": false,
                "iops": 100,
                "kms_key_id": "",
                "tags": {},
                "throughput": 0,
                "volume_id": "vol-0aae5e1e6a226e84e",
                "volume_size": 8,
                "volume_type": "gp2"
              }
            ],
            "secondary_private_ips": [],
            "security_groups": [],
            "source_dest_check": true,
            "subnet_id": "subnet-05849cee4d7c641cb",
            "tags": {
              "Name": "ms_application"
            },
            "tags_all": {
              "Name": "ms_application"
            },
            "tenancy": "default",
            "timeouts": null,
            "user_data": null,
            "user_data_base64": null,
            "user_data_replace_on_change": false,
            "volume_tags": null,
            "vpc_security_group_ids": [
              "sg-05653e7b9bfd56319"
            ]
          },
          "sensitive_attributes": [],
          "private": "eyJlMmJmYjczMC1lY2FhLTExZTYtOGY4OC0zNDM2M2JjN2M0YzAiOnsiY3JlYXRlIjo2MDAwMDAwMDAwMDAsImRlbGV0ZSI6MTIwMDAwMDAwMDAwMCwidXBkYXRlIjo2MDAwMDAwMDAwMDB9LCJzY2hlbWFfdmVyc2lvbiI6IjEifQ==",
          "dependencies": [
            "aws_key_pair.generated_key",
            "aws_security_group.allow_ssh_and_port_3000",
            "aws_subnet.ms_private_1",
            "aws_vpc.ms_vpc",
            "data.aws_ami.ubuntu",
            "tls_private_key.ms_key"
          ]
        }
      ]
    },
    {
      "mode": "managed",
      "type": "aws_instance",
      "name": "ms_bastion",
      "provider": "provider[\"registry.terraform.io/hashicorp/aws\"]",
      "instances": [
        {
          "schema_version": 1,
          "attributes": {
            "ami": "ami-0070c5311b7677678",
            "arn": "arn:aws:ec2:us-east-1:636110217222:instance/i-01b726b8231aede1d",
            "associate_public_ip_address": true,
            "availability_zone": "us-east-1d",
            "capacity_reservation_specification": [
              {
                "capacity_reservation_preference": "open",
                "capacity_reservation_target": []
              }
            ],
            "cpu_core_count": 1,
            "cpu_threads_per_core": 1,
            "credit_specification": [
              {
                "cpu_credits": "standard"
              }
            ],
            "disable_api_stop": false,
            "disable_api_termination": false,
            "ebs_block_device": [],
            "ebs_optimized": false,
            "enclave_options": [
              {
                "enabled": false
              }
            ],
            "ephemeral_block_device": [],
            "get_password_data": false,
            "hibernation": false,
            "host_id": null,
            "iam_instance_profile": "",
            "id": "i-01b726b8231aede1d",
            "instance_initiated_shutdown_behavior": "stop",
            "instance_state": "running",
            "instance_type": "t2.micro",
            "ipv6_address_count": 0,
            "ipv6_addresses": [],
            "key_name": "",
            "launch_template": [],
            "maintenance_options": [
              {
                "auto_recovery": "default"
              }
            ],
            "metadata_options": [
              {
                "http_endpoint": "enabled",
                "http_put_response_hop_limit": 1,
                "http_tokens": "optional",
                "instance_metadata_tags": "disabled"
              }
            ],
            "monitoring": false,
            "network_interface": [],
            "outpost_arn": "",
            "password_data": "",
            "placement_group": "",
            "placement_partition_number": null,
            "primary_network_interface_id": "eni-099a10f6a20c9b07e",
            "private_dns": "ip-10-0-1-12.ec2.internal",
            "private_dns_name_options": [
              {
                "enable_resource_name_dns_a_record": false,
                "enable_resource_name_dns_aaaa_record": false,
                "hostname_type": "ip-name"
              }
            ],
            "private_ip": "10.0.1.12",
            "public_dns": "",
            "public_ip": "174.129.60.245",
            "root_block_device": [
              {
                "delete_on_termination": true,
                "device_name": "/dev/sda1",
                "encrypted": false,
                "iops": 100,
                "kms_key_id": "",
                "tags": {},
                "throughput": 0,
                "volume_id": "vol-05f25ee1593465260",
                "volume_size": 8,
                "volume_type": "gp2"
              }
            ],
            "secondary_private_ips": [],
            "security_groups": [],
            "source_dest_check": true,
            "subnet_id": "subnet-015651f83e6535c33",
            "tags": {
              "Name": "ms_bastion"
            },
            "tags_all": {
              "Name": "ms_bastion"
            },
            "tenancy": "default",
            "timeouts": null,
            "user_data": null,
            "user_data_base64": null,
            "user_data_replace_on_change": false,
            "volume_tags": null,
            "vpc_security_group_ids": [
              "sg-05b2e1fa2cdbb7de3"
            ]
          },
          "sensitive_attributes": [],
          "private": "eyJlMmJmYjczMC1lY2FhLTExZTYtOGY4OC0zNDM2M2JjN2M0YzAiOnsiY3JlYXRlIjo2MDAwMDAwMDAwMDAsImRlbGV0ZSI6MTIwMDAwMDAwMDAwMCwidXBkYXRlIjo2MDAwMDAwMDAwMDB9LCJzY2hlbWFfdmVyc2lvbiI6IjEifQ==",
          "dependencies": [
            "aws_security_group.allow_ssh",
            "aws_subnet.ms_public_1",
            "aws_vpc.ms_vpc",
            "data.aws_ami.ubuntu"
          ]
        }
      ]
    },
    {
      "mode": "managed",
      "type": "aws_internet_gateway",
      "name": "ms_internet_gateway",
      "provider": "provider[\"registry.terraform.io/hashicorp/aws\"]",
      "instances": [
        {
          "schema_version": 0,
          "attributes": {
            "arn": "arn:aws:ec2:us-east-1:636110217222:internet-gateway/igw-0b770f968d2489e93",
            "id": "igw-0b770f968d2489e93",
            "owner_id": "636110217222",
            "tags": {
              "Name": "ms_internet_gateway"
            },
            "tags_all": {
              "Name": "ms_internet_gateway"
            },
            "vpc_id": "vpc-07a0e6116c84be57b"
          },
          "sensitive_attributes": [],
          "private": "bnVsbA==",
          "dependencies": [
            "aws_vpc.ms_vpc"
          ]
        }
      ]
    },
    {
      "mode": "managed",
      "type": "aws_key_pair",
      "name": "generated_key",
      "provider": "provider[\"registry.terraform.io/hashicorp/aws\"]",
      "instances": [
        {
          "schema_version": 1,
          "attributes": {
            "arn": "arn:aws:ec2:us-east-1:636110217222:key-pair/some_key",
            "fingerprint": "47:af:79:85:c4:60:f3:26:e5:54:6c:81:a8:1b:b5:44",
            "id": "some_key",
            "key_name": "some_key",
            "key_name_prefix": "",
            "key_pair_id": "key-0c6b0cb2e66fe8cb7",
            "key_type": "rsa",
            "public_key": "ssh-rsa AAAAB3NzaC1yc2EAAAADAQABAAACAQD8fkHFYyWcbzRKKGSGAc+NYghUO3puh6GAMNbfaK/SkzXAWwW88i0NOMR34Vk03IopyVfOWfAcRYv7LeH+bIq4KI/1vv7l4AUDirPmWxqCxSbW0DIIyPiFhOSkjCjNxMZrXfPF5zO+CgoUvp2dO2WmrYANNOmVOCwy3dD8rIhRV98H+pf2HwCaxjH6/lFeYgmsad2kuBxT0slHC9Stswe6Z/SIsabuDWKPL1wKN3++tAysAKLuhwOR/8VVnweHcHUewPQHbgtLIvxzjU6S5klDMCYrBQHlJ1dntdb4PgDdq7GRvd+Up7oY7m5kBsQMRR3AqfeqE+ZSWFe74ROUlq6eRct38c/4GFKjdxHzq8TSv+y8izRjJBcYK6x697qB2lVL5lRWqIica4FNnQaEYYhhSg5OuI1wDV1phSHgsECvhKO2I1DXSzlRGOsBGHDjr0aIG1ITpFcEQfsPxbea18m/ZbDZv3iprVJoMGyy1akJKh0svUO+UASO15wL0La0SMlK23Hhm3YiT+S/FZia+FhjLEy/0Sf2zjDT+tvlB17ZYCy/bShJtw+1YB5mA0haUWAiNJLVhAeBeNlL1Mrszgl6Q3YmxJ6PMezM41taMTYcDypuL8YM1ttisaPZ9qEFcjIkB21JdD8YPLGZhw2nzWbuOECb0csoRV5AsuLV9zNwkw==",
            "tags": null,
            "tags_all": {}
          },
          "sensitive_attributes": [],
          "private": "eyJzY2hlbWFfdmVyc2lvbiI6IjEifQ==",
          "dependencies": [
            "tls_private_key.ms_key"
          ]
        }
      ]
    },
    {
      "mode": "managed",
      "type": "aws_nat_gateway",
      "name": "ms_nat",
      "provider": "provider[\"registry.terraform.io/hashicorp/aws\"]",
      "instances": [
        {
          "schema_version": 0,
          "attributes": {
            "allocation_id": "eipalloc-03a03da5844d26696",
            "connectivity_type": "public",
            "id": "nat-0f502bdcc397eaa4e",
            "network_interface_id": "eni-0c714d8baad2f190b",
            "private_ip": "10.0.1.7",
            "public_ip": "23.21.1.235",
            "subnet_id": "subnet-015651f83e6535c33",
            "tags": null,
            "tags_all": {}
          },
          "sensitive_attributes": [],
          "private": "bnVsbA==",
          "dependencies": [
            "aws_eip.ms_eip",
            "aws_subnet.ms_public_1",
            "aws_vpc.ms_vpc"
          ]
        }
      ]
    },
    {
      "mode": "managed",
      "type": "aws_route_table",
      "name": "private_router",
      "provider": "provider[\"registry.terraform.io/hashicorp/aws\"]",
      "instances": [
        {
          "schema_version": 0,
          "attributes": {
            "arn": "arn:aws:ec2:us-east-1:636110217222:route-table/rtb-090b16183e907e455",
            "id": "rtb-090b16183e907e455",
            "owner_id": "636110217222",
            "propagating_vgws": [],
            "route": [
              {
                "carrier_gateway_id": "",
                "cidr_block": "0.0.0.0/0",
                "core_network_arn": "",
                "destination_prefix_list_id": "",
                "egress_only_gateway_id": "",
                "gateway_id": "nat-0f502bdcc397eaa4e",
                "instance_id": "",
                "ipv6_cidr_block": "",
                "local_gateway_id": "",
                "nat_gateway_id": "",
                "network_interface_id": "",
                "transit_gateway_id": "",
                "vpc_endpoint_id": "",
                "vpc_peering_connection_id": ""
              }
            ],
            "tags": {
              "Name": "private_router"
            },
            "tags_all": {
              "Name": "private_router"
            },
            "timeouts": null,
            "vpc_id": "vpc-07a0e6116c84be57b"
          },
          "sensitive_attributes": [],
          "private": "eyJlMmJmYjczMC1lY2FhLTExZTYtOGY4OC0zNDM2M2JjN2M0YzAiOnsiY3JlYXRlIjozMDAwMDAwMDAwMDAsImRlbGV0ZSI6MzAwMDAwMDAwMDAwLCJ1cGRhdGUiOjEyMDAwMDAwMDAwMH19",
          "dependencies": [
            "aws_eip.ms_eip",
            "aws_nat_gateway.ms_nat",
            "aws_subnet.ms_public_1",
            "aws_vpc.ms_vpc"
          ]
        }
      ]
    },
    {
      "mode": "managed",
      "type": "aws_route_table",
      "name": "public_router",
      "provider": "provider[\"registry.terraform.io/hashicorp/aws\"]",
      "instances": [
        {
          "schema_version": 0,
          "attributes": {
            "arn": "arn:aws:ec2:us-east-1:636110217222:route-table/rtb-0fbb1e0211da67d5c",
            "id": "rtb-0fbb1e0211da67d5c",
            "owner_id": "636110217222",
            "propagating_vgws": [],
            "route": [
              {
                "carrier_gateway_id": "",
                "cidr_block": "0.0.0.0/0",
                "core_network_arn": "",
                "destination_prefix_list_id": "",
                "egress_only_gateway_id": "",
                "gateway_id": "igw-0b770f968d2489e93",
                "instance_id": "",
                "ipv6_cidr_block": "",
                "local_gateway_id": "",
                "nat_gateway_id": "",
                "network_interface_id": "",
                "transit_gateway_id": "",
                "vpc_endpoint_id": "",
                "vpc_peering_connection_id": ""
              }
            ],
            "tags": {
              "Name": "public_router"
            },
            "tags_all": {
              "Name": "public_router"
            },
            "timeouts": null,
            "vpc_id": "vpc-07a0e6116c84be57b"
          },
          "sensitive_attributes": [],
          "private": "eyJlMmJmYjczMC1lY2FhLTExZTYtOGY4OC0zNDM2M2JjN2M0YzAiOnsiY3JlYXRlIjozMDAwMDAwMDAwMDAsImRlbGV0ZSI6MzAwMDAwMDAwMDAwLCJ1cGRhdGUiOjEyMDAwMDAwMDAwMH19",
          "dependencies": [
            "aws_internet_gateway.ms_internet_gateway",
            "aws_vpc.ms_vpc"
          ]
        }
      ]
    },
    {
      "mode": "managed",
      "type": "aws_route_table_association",
      "name": "ms_private_1",
      "provider": "provider[\"registry.terraform.io/hashicorp/aws\"]",
      "instances": [
        {
          "schema_version": 0,
          "attributes": {
            "gateway_id": "",
            "id": "rtbassoc-0150210efbe1e3be8",
            "route_table_id": "rtb-090b16183e907e455",
            "subnet_id": "subnet-05849cee4d7c641cb"
          },
          "sensitive_attributes": [],
          "private": "bnVsbA==",
          "dependencies": [
            "aws_eip.ms_eip",
            "aws_nat_gateway.ms_nat",
            "aws_route_table.private_router",
            "aws_subnet.ms_private_1",
            "aws_subnet.ms_public_1",
            "aws_vpc.ms_vpc"
          ]
        }
      ]
    },
    {
      "mode": "managed",
      "type": "aws_route_table_association",
      "name": "ms_private_2",
      "provider": "provider[\"registry.terraform.io/hashicorp/aws\"]",
      "instances": [
        {
          "schema_version": 0,
          "attributes": {
            "gateway_id": "",
            "id": "rtbassoc-0d2172b92e9d5bc6a",
            "route_table_id": "rtb-090b16183e907e455",
            "subnet_id": "subnet-0ac20d84a762aba17"
          },
          "sensitive_attributes": [],
          "private": "bnVsbA==",
          "dependencies": [
            "aws_eip.ms_eip",
            "aws_nat_gateway.ms_nat",
            "aws_route_table.private_router",
            "aws_subnet.ms_private_2",
            "aws_subnet.ms_public_1",
            "aws_vpc.ms_vpc"
          ]
        }
      ]
    },
    {
      "mode": "managed",
      "type": "aws_route_table_association",
      "name": "ms_public_1",
      "provider": "provider[\"registry.terraform.io/hashicorp/aws\"]",
      "instances": [
        {
          "schema_version": 0,
          "attributes": {
            "gateway_id": "",
            "id": "rtbassoc-0dd7f50ac759e4503",
            "route_table_id": "rtb-0fbb1e0211da67d5c",
            "subnet_id": "subnet-015651f83e6535c33"
          },
          "sensitive_attributes": [],
          "private": "bnVsbA==",
          "dependencies": [
            "aws_internet_gateway.ms_internet_gateway",
            "aws_route_table.public_router",
            "aws_subnet.ms_public_1",
            "aws_vpc.ms_vpc"
          ]
        }
      ]
    },
    {
      "mode": "managed",
      "type": "aws_route_table_association",
      "name": "ms_public_2",
      "provider": "provider[\"registry.terraform.io/hashicorp/aws\"]",
      "instances": [
        {
          "schema_version": 0,
          "attributes": {
            "gateway_id": "",
            "id": "rtbassoc-0fadfec4595b2b8a5",
            "route_table_id": "rtb-0fbb1e0211da67d5c",
            "subnet_id": "subnet-03ab54202d169bd83"
          },
          "sensitive_attributes": [],
          "private": "bnVsbA==",
          "dependencies": [
            "aws_internet_gateway.ms_internet_gateway",
            "aws_route_table.public_router",
            "aws_subnet.ms_public_2",
            "aws_vpc.ms_vpc"
          ]
        }
      ]
    },
    {
      "mode": "managed",
      "type": "aws_security_group",
      "name": "allow_ssh",
      "provider": "provider[\"registry.terraform.io/hashicorp/aws\"]",
      "instances": [
        {
          "schema_version": 1,
          "attributes": {
            "arn": "arn:aws:ec2:us-east-1:636110217222:security-group/sg-05b2e1fa2cdbb7de3",
            "description": "Allow ssh inbound traffic",
            "egress": [
              {
                "cidr_blocks": [
                  "0.0.0.0/0"
                ],
                "description": "",
                "from_port": 0,
                "ipv6_cidr_blocks": [],
                "prefix_list_ids": [],
                "protocol": "-1",
                "security_groups": [],
                "self": false,
                "to_port": 0
              }
            ],
            "id": "sg-05b2e1fa2cdbb7de3",
            "ingress": [
              {
                "cidr_blocks": [
                  "0.0.0.0/0"
                ],
                "description": "ssh",
                "from_port": 22,
                "ipv6_cidr_blocks": [],
                "prefix_list_ids": [],
                "protocol": "tcp",
                "security_groups": [],
                "self": false,
                "to_port": 22
              }
            ],
            "name": "allow_ssh",
            "name_prefix": "",
            "owner_id": "636110217222",
            "revoke_rules_on_delete": false,
            "tags": null,
            "tags_all": {},
            "timeouts": null,
            "vpc_id": "vpc-07a0e6116c84be57b"
          },
          "sensitive_attributes": [],
          "private": "eyJlMmJmYjczMC1lY2FhLTExZTYtOGY4OC0zNDM2M2JjN2M0YzAiOnsiY3JlYXRlIjo2MDAwMDAwMDAwMDAsImRlbGV0ZSI6OTAwMDAwMDAwMDAwfSwic2NoZW1hX3ZlcnNpb24iOiIxIn0=",
          "dependencies": [
            "aws_vpc.ms_vpc"
          ]
        }
      ]
    },
    {
      "mode": "managed",
      "type": "aws_security_group",
      "name": "allow_ssh_and_port_3000",
      "provider": "provider[\"registry.terraform.io/hashicorp/aws\"]",
      "instances": [
        {
          "schema_version": 1,
          "attributes": {
            "arn": "arn:aws:ec2:us-east-1:636110217222:security-group/sg-05653e7b9bfd56319",
            "description": "Allow ssh and port 3000 from vpc cidr only",
            "egress": [
              {
                "cidr_blocks": [
                  "0.0.0.0/0"
                ],
                "description": "",
                "from_port": 0,
                "ipv6_cidr_blocks": [],
                "prefix_list_ids": [],
                "protocol": "-1",
                "security_groups": [],
                "self": false,
                "to_port": 0
              }
            ],
            "id": "sg-05653e7b9bfd56319",
            "ingress": [
              {
                "cidr_blocks": [
                  "10.0.0.0/16"
                ],
                "description": "3000",
                "from_port": 3000,
                "ipv6_cidr_blocks": [],
                "prefix_list_ids": [],
                "protocol": "tcp",
                "security_groups": [],
                "self": false,
                "to_port": 3000
              },
              {
                "cidr_blocks": [
                  "10.0.0.0/16"
                ],
                "description": "ssh",
                "from_port": 22,
                "ipv6_cidr_blocks": [],
                "prefix_list_ids": [],
                "protocol": "tcp",
                "security_groups": [],
                "self": false,
                "to_port": 22
              }
            ],
            "name": "allow_ssh_and_port_3000",
            "name_prefix": "",
            "owner_id": "636110217222",
            "revoke_rules_on_delete": false,
            "tags": null,
            "tags_all": {},
            "timeouts": null,
            "vpc_id": "vpc-07a0e6116c84be57b"
          },
          "sensitive_attributes": [],
          "private": "eyJlMmJmYjczMC1lY2FhLTExZTYtOGY4OC0zNDM2M2JjN2M0YzAiOnsiY3JlYXRlIjo2MDAwMDAwMDAwMDAsImRlbGV0ZSI6OTAwMDAwMDAwMDAwfSwic2NoZW1hX3ZlcnNpb24iOiIxIn0=",
          "dependencies": [
            "aws_vpc.ms_vpc"
          ]
        }
      ]
    },
    {
      "mode": "managed",
      "type": "aws_subnet",
      "name": "ms_private_1",
      "provider": "provider[\"registry.terraform.io/hashicorp/aws\"]",
      "instances": [
        {
          "schema_version": 1,
          "attributes": {
            "arn": "arn:aws:ec2:us-east-1:636110217222:subnet/subnet-05849cee4d7c641cb",
            "assign_ipv6_address_on_creation": false,
            "availability_zone": "us-east-1d",
            "availability_zone_id": "use1-az2",
            "cidr_block": "10.0.2.0/24",
            "customer_owned_ipv4_pool": "",
            "enable_dns64": false,
            "enable_resource_name_dns_a_record_on_launch": false,
            "enable_resource_name_dns_aaaa_record_on_launch": false,
            "id": "subnet-05849cee4d7c641cb",
            "ipv6_cidr_block": "",
            "ipv6_cidr_block_association_id": "",
            "ipv6_native": false,
            "map_customer_owned_ip_on_launch": false,
            "map_public_ip_on_launch": false,
            "outpost_arn": "",
            "owner_id": "636110217222",
            "private_dns_hostname_type_on_launch": "ip-name",
            "tags": {
              "Name": "ms_private_1"
            },
            "tags_all": {
              "Name": "ms_private_1"
            },
            "timeouts": null,
            "vpc_id": "vpc-07a0e6116c84be57b"
          },
          "sensitive_attributes": [],
          "private": "eyJlMmJmYjczMC1lY2FhLTExZTYtOGY4OC0zNDM2M2JjN2M0YzAiOnsiY3JlYXRlIjo2MDAwMDAwMDAwMDAsImRlbGV0ZSI6MTIwMDAwMDAwMDAwMH0sInNjaGVtYV92ZXJzaW9uIjoiMSJ9",
          "dependencies": [
            "aws_vpc.ms_vpc"
          ]
        }
      ]
    },
    {
      "mode": "managed",
      "type": "aws_subnet",
      "name": "ms_private_2",
      "provider": "provider[\"registry.terraform.io/hashicorp/aws\"]",
      "instances": [
        {
          "schema_version": 1,
          "attributes": {
            "arn": "arn:aws:ec2:us-east-1:636110217222:subnet/subnet-0ac20d84a762aba17",
            "assign_ipv6_address_on_creation": false,
            "availability_zone": "us-east-1d",
            "availability_zone_id": "use1-az2",
            "cidr_block": "10.0.4.0/24",
            "customer_owned_ipv4_pool": "",
            "enable_dns64": false,
            "enable_resource_name_dns_a_record_on_launch": false,
            "enable_resource_name_dns_aaaa_record_on_launch": false,
            "id": "subnet-0ac20d84a762aba17",
            "ipv6_cidr_block": "",
            "ipv6_cidr_block_association_id": "",
            "ipv6_native": false,
            "map_customer_owned_ip_on_launch": false,
            "map_public_ip_on_launch": false,
            "outpost_arn": "",
            "owner_id": "636110217222",
            "private_dns_hostname_type_on_launch": "ip-name",
            "tags": {
              "Name": "ms_private_2"
            },
            "tags_all": {
              "Name": "ms_private_2"
            },
            "timeouts": null,
            "vpc_id": "vpc-07a0e6116c84be57b"
          },
          "sensitive_attributes": [],
          "private": "eyJlMmJmYjczMC1lY2FhLTExZTYtOGY4OC0zNDM2M2JjN2M0YzAiOnsiY3JlYXRlIjo2MDAwMDAwMDAwMDAsImRlbGV0ZSI6MTIwMDAwMDAwMDAwMH0sInNjaGVtYV92ZXJzaW9uIjoiMSJ9",
          "dependencies": [
            "aws_vpc.ms_vpc"
          ]
        }
      ]
    },
    {
      "mode": "managed",
      "type": "aws_subnet",
      "name": "ms_public_1",
      "provider": "provider[\"registry.terraform.io/hashicorp/aws\"]",
      "instances": [
        {
          "schema_version": 1,
          "attributes": {
            "arn": "arn:aws:ec2:us-east-1:636110217222:subnet/subnet-015651f83e6535c33",
            "assign_ipv6_address_on_creation": false,
            "availability_zone": "us-east-1d",
            "availability_zone_id": "use1-az2",
            "cidr_block": "10.0.1.0/24",
            "customer_owned_ipv4_pool": "",
            "enable_dns64": false,
            "enable_resource_name_dns_a_record_on_launch": false,
            "enable_resource_name_dns_aaaa_record_on_launch": false,
            "id": "subnet-015651f83e6535c33",
            "ipv6_cidr_block": "",
            "ipv6_cidr_block_association_id": "",
            "ipv6_native": false,
            "map_customer_owned_ip_on_launch": false,
            "map_public_ip_on_launch": true,
            "outpost_arn": "",
            "owner_id": "636110217222",
            "private_dns_hostname_type_on_launch": "ip-name",
            "tags": {
              "Name": "ms_public_1"
            },
            "tags_all": {
              "Name": "ms_public_1"
            },
            "timeouts": null,
            "vpc_id": "vpc-07a0e6116c84be57b"
          },
          "sensitive_attributes": [],
          "private": "eyJlMmJmYjczMC1lY2FhLTExZTYtOGY4OC0zNDM2M2JjN2M0YzAiOnsiY3JlYXRlIjo2MDAwMDAwMDAwMDAsImRlbGV0ZSI6MTIwMDAwMDAwMDAwMH0sInNjaGVtYV92ZXJzaW9uIjoiMSJ9",
          "dependencies": [
            "aws_vpc.ms_vpc"
          ]
        }
      ]
    },
    {
      "mode": "managed",
      "type": "aws_subnet",
      "name": "ms_public_2",
      "provider": "provider[\"registry.terraform.io/hashicorp/aws\"]",
      "instances": [
        {
          "schema_version": 1,
          "attributes": {
            "arn": "arn:aws:ec2:us-east-1:636110217222:subnet/subnet-03ab54202d169bd83",
            "assign_ipv6_address_on_creation": false,
            "availability_zone": "us-east-1d",
            "availability_zone_id": "use1-az2",
            "cidr_block": "10.0.3.0/24",
            "customer_owned_ipv4_pool": "",
            "enable_dns64": false,
            "enable_resource_name_dns_a_record_on_launch": false,
            "enable_resource_name_dns_aaaa_record_on_launch": false,
            "id": "subnet-03ab54202d169bd83",
            "ipv6_cidr_block": "",
            "ipv6_cidr_block_association_id": "",
            "ipv6_native": false,
            "map_customer_owned_ip_on_launch": false,
            "map_public_ip_on_launch": true,
            "outpost_arn": "",
            "owner_id": "636110217222",
            "private_dns_hostname_type_on_launch": "ip-name",
            "tags": {
              "Name": "ms_public_2"
            },
            "tags_all": {
              "Name": "ms_public_2"
            },
            "timeouts": null,
            "vpc_id": "vpc-07a0e6116c84be57b"
          },
          "sensitive_attributes": [],
          "private": "eyJlMmJmYjczMC1lY2FhLTExZTYtOGY4OC0zNDM2M2JjN2M0YzAiOnsiY3JlYXRlIjo2MDAwMDAwMDAwMDAsImRlbGV0ZSI6MTIwMDAwMDAwMDAwMH0sInNjaGVtYV92ZXJzaW9uIjoiMSJ9",
          "dependencies": [
            "aws_vpc.ms_vpc"
          ]
        }
      ]
    },
    {
      "mode": "managed",
      "type": "aws_vpc",
      "name": "ms_vpc",
      "provider": "provider[\"registry.terraform.io/hashicorp/aws\"]",
      "instances": [
        {
          "schema_version": 1,
          "attributes": {
            "arn": "arn:aws:ec2:us-east-1:636110217222:vpc/vpc-07a0e6116c84be57b",
            "assign_generated_ipv6_cidr_block": false,
            "cidr_block": "10.0.0.0/16",
            "default_network_acl_id": "acl-01e2d7fab528872e9",
            "default_route_table_id": "rtb-070d38c9240d9ec5f",
            "default_security_group_id": "sg-0278c7d889294e722",
            "dhcp_options_id": "dopt-029a4852bfa5d7ab9",
            "enable_classiclink": false,
            "enable_classiclink_dns_support": false,
            "enable_dns_hostnames": false,
            "enable_dns_support": false,
            "id": "vpc-07a0e6116c84be57b",
            "instance_tenancy": "default",
            "ipv4_ipam_pool_id": null,
            "ipv4_netmask_length": null,
            "ipv6_association_id": "",
            "ipv6_cidr_block": "",
            "ipv6_cidr_block_network_border_group": "",
            "ipv6_ipam_pool_id": "",
            "ipv6_netmask_length": 0,
            "main_route_table_id": "rtb-070d38c9240d9ec5f",
            "owner_id": "636110217222",
            "tags": {
              "Name": "ms_vpc"
            },
            "tags_all": {
              "Name": "ms_vpc"
            }
          },
          "sensitive_attributes": [],
          "private": "eyJzY2hlbWFfdmVyc2lvbiI6IjEifQ=="
        }
      ]
    },
    {
      "mode": "managed",
      "type": "tls_private_key",
      "name": "ms_key",
      "provider": "provider[\"registry.terraform.io/hashicorp/tls\"]",
      "instances": [
        {
          "schema_version": 0,
          "attributes": {
            "algorithm": "RSA",
            "ecdsa_curve": "P224",
            "id": "580f01e1b32a72b0c323efc2889099de5f179bc3",
            "private_key_openssh": "-----BEGIN OPENSSH PRIVATE KEY-----\nb3BlbnNzaC1rZXktdjEAAAAABG5vbmUAAAAEbm9uZQAAAAAAAAABAAACFwAAAAdz\nc2gtcnNhAAAAAwEAAQAAAgEA/H5BxWMlnG80SihkhgHPjWIIVDt6boehgDDW32iv\n0pM1wFsFvPItDTjEd+FZNNyKKclXzlnwHEWL+y3h/myKuCiP9b7+5eAFA4qz5lsa\ngsUm1tAyCMj4hYTkpIwozcTGa13zxeczvgoKFL6dnTtlpq2ADTTplTgsMt3Q/KyI\nUVffB/qX9h8AmsYx+v5RXmIJrGndpLgcU9LJRwvUrbMHumf0iLGm7g1ijy9cCjd/\nvrQMrACi7ocDkf/FVZ8Hh3B1HsD0B24LSyL8c41OkuZJQzAmKwUB5SdXZ7XW+D4A\n3auxkb3flKe6GO5uZAbEDEUdwKn3qhPmUlhXu+ETlJaunkXLd/HP+BhSo3cR86vE\n0r/svIs0YyQXGCuseve6gdpVS+ZUVqiInGuBTZ0GhGGIYUoOTriNcA1daYUh4LBA\nr4SjtiNQ10s5URjrARhw469GiBtSE6RXBEH7D8W3mtfJv2Ww2b94qa1SaDBsstWp\nCSodLL1DvlAEjtecC9C2tEjJSttx4Zt2Ik/kvxWYmvhYYyxMv9En9s4w0/rb5Qde\n2WAsv20oSbcPtWAeZgNIWlFgIjSS1YQHgXjZS9TK7M4JekN2JsSejzHszONbWjE2\nHA8qbi/GDNbbYrGj2fahBXIyJAdtSXQ/GDyxmYcNp81m7jhAm9HLKEVeQLLi1fcz\ncJMAAAc4v/0Kqr/9CqoAAAAHc3NoLXJzYQAAAgEA/H5BxWMlnG80SihkhgHPjWII\nVDt6boehgDDW32iv0pM1wFsFvPItDTjEd+FZNNyKKclXzlnwHEWL+y3h/myKuCiP\n9b7+5eAFA4qz5lsagsUm1tAyCMj4hYTkpIwozcTGa13zxeczvgoKFL6dnTtlpq2A\nDTTplTgsMt3Q/KyIUVffB/qX9h8AmsYx+v5RXmIJrGndpLgcU9LJRwvUrbMHumf0\niLGm7g1ijy9cCjd/vrQMrACi7ocDkf/FVZ8Hh3B1HsD0B24LSyL8c41OkuZJQzAm\nKwUB5SdXZ7XW+D4A3auxkb3flKe6GO5uZAbEDEUdwKn3qhPmUlhXu+ETlJaunkXL\nd/HP+BhSo3cR86vE0r/svIs0YyQXGCuseve6gdpVS+ZUVqiInGuBTZ0GhGGIYUoO\nTriNcA1daYUh4LBAr4SjtiNQ10s5URjrARhw469GiBtSE6RXBEH7D8W3mtfJv2Ww\n2b94qa1SaDBsstWpCSodLL1DvlAEjtecC9C2tEjJSttx4Zt2Ik/kvxWYmvhYYyxM\nv9En9s4w0/rb5Qde2WAsv20oSbcPtWAeZgNIWlFgIjSS1YQHgXjZS9TK7M4JekN2\nJsSejzHszONbWjE2HA8qbi/GDNbbYrGj2fahBXIyJAdtSXQ/GDyxmYcNp81m7jhA\nm9HLKEVeQLLi1fczcJMAAAADAQABAAACAQCYUNX+bDwxLYh+v/U8PfVmFeBuZ98I\ntHtBqLTG2xFN145SdtZ0UCfLVRZ4NxIoaG5UnOiCTBEkDPRP1zMA15urUpTdq5V7\nOPPtWgwCh6zrfGFcrwWv9QSvDyca+I5Y6z7DYE8BcOLu3oGMWB0ez8kXjoyz6tqK\nMPPAz70V4ELvxzF9T7fCOpuTwsI95pNRe5TYVJjnmEVGb98KI+Ht0xVzZujGWV0Z\nOCvfsrM0WpyOf3ExhcTEXeBSf9gcOa5CDx4oKkBMBx96+SUP1Au1ZISHqpEr3H5z\nLZN1teVzpXvCPaQGBmPM+o2yIounfclgmYVER4RnLlAAFtj+Nt4oAepdz4AvGwEP\nEIwkp+6VprL2/wioaWpXthEZuBS46aqENTByiSnEw99D7mNwedwoOB4krRpoUee4\nHMYLkG4fTYlFPItQBptidnj2y3HRQsx4cycO+b7mlmSgP1hfbcysMh4kLlNOpKAs\nTn9es7F8FYkrsg/enerlocTw18lqQMiVpaMLE83UzP34/Is6lgaRR7rfCJLNe6RW\n1mu6xQ3VApXDy4BSlszy/eU7owv4CTTERjvwJBJqm5HUJq5wLiw0Nk05DV6aXg6r\nDYp5QVW3E+KkYwJuFXXFjAPkpJ7d5l+UAfKOe5Gm0y1vC/W/gisMpl9s4VjuB6fl\nVlsTvdUsnVXmeQAAAQEAm9qtDF6tztlYxfY/rNXoRySgSTGEUCkkSqEWPMl6s4MU\nA8tclqUBfRycZHx9B5T1ndd7R/E4tyT9y5znkeQ5vP2806VpkMQmG9oZCkfgBnyA\nOm2JYiL88ARDVKcoKuVv2G0Unf98Vjt7+EnGMnvPXo2bStQP3e4a3GwtWlY5Khvy\nNaQyJwNP5xeSpwv9JaRrl7cwq9nK0pdX7zhg3e90Jq/prYdOkEpgQtYDT7vWOt3U\nt5Pfh8o6VOn97x4ncQ8P+/ONe37/WpWWankX/yMDCOE9V9yw5Hq111ZvvMtSXkiA\nMYK6YFSTai/ORH0C3c/JivLAVT4mm8vo0eecP+7Y1wAAAQEA/dPqFofbeB4NQBD6\nir/LY8v+uV+Vr/M9ZugV2z01z1tFR/CDl2U+e0qBbicpTlaRUYdcLhee2KLKOf0s\n28Kk0wq6fugua5DiCGmrRXJdUmbHtdVZ5PcUNrNxBqQMetg9EfBJhI3K2YXYJWQ0\ndBzl2AOasdFyvKKeofY1hMbg2lDtqCu9txDTE1sjpjPHMEccqgLIoua/DNfEO4WD\ntyJj2MO7UIseA3KX2UziaIJcwOCzPP5eBhR7M9ZhvFBTJ4aK81ogw/oiRdvq6cRt\n4VrwoZTvXnL4Ry5aereHrr21piJuq912PNq9GBaBNoFfNBPIKqaRIv6cCu9gLrb/\nm5L6nQAAAQEA/qdrLiUMOfqZcGYqPFJnXmjQnET1wM1TrH0OkRSZYQW408h4W23E\n5b9jTr8EiaGpQOg/pyOTGtpPX2MZlbEA78unoES6WEogTz19Pd7R/xbeRk2XAyTD\nMKUCCyqsQRj3rPCBrJXr9hnHbqQg28ePYOsKjrQUmKf9h+1tb0r5von44T1D4ZSZ\nPTJVI01JpH3Ie/hZzydOnvrdTMkxXH7NY+YoGb3uM1FRnKfVCwEPsfk8yJ4d87Sx\n/z4yTCYsTkAqfJPRV180PiFTI1rySOP7EQVmhe1nzwpD63NT2KVmLcG0WMHUwIsL\nWiNlgB5DbCV1HHoGiOtMhDJfFSWPVXPY7wAAAAAB\n-----END OPENSSH PRIVATE KEY-----\n",
            "private_key_pem": "-----BEGIN RSA PRIVATE KEY-----\nMIIJKgIBAAKCAgEA/H5BxWMlnG80SihkhgHPjWIIVDt6boehgDDW32iv0pM1wFsF\nvPItDTjEd+FZNNyKKclXzlnwHEWL+y3h/myKuCiP9b7+5eAFA4qz5lsagsUm1tAy\nCMj4hYTkpIwozcTGa13zxeczvgoKFL6dnTtlpq2ADTTplTgsMt3Q/KyIUVffB/qX\n9h8AmsYx+v5RXmIJrGndpLgcU9LJRwvUrbMHumf0iLGm7g1ijy9cCjd/vrQMrACi\n7ocDkf/FVZ8Hh3B1HsD0B24LSyL8c41OkuZJQzAmKwUB5SdXZ7XW+D4A3auxkb3f\nlKe6GO5uZAbEDEUdwKn3qhPmUlhXu+ETlJaunkXLd/HP+BhSo3cR86vE0r/svIs0\nYyQXGCuseve6gdpVS+ZUVqiInGuBTZ0GhGGIYUoOTriNcA1daYUh4LBAr4SjtiNQ\n10s5URjrARhw469GiBtSE6RXBEH7D8W3mtfJv2Ww2b94qa1SaDBsstWpCSodLL1D\nvlAEjtecC9C2tEjJSttx4Zt2Ik/kvxWYmvhYYyxMv9En9s4w0/rb5Qde2WAsv20o\nSbcPtWAeZgNIWlFgIjSS1YQHgXjZS9TK7M4JekN2JsSejzHszONbWjE2HA8qbi/G\nDNbbYrGj2fahBXIyJAdtSXQ/GDyxmYcNp81m7jhAm9HLKEVeQLLi1fczcJMCAwEA\nAQKCAgEAmFDV/mw8MS2Ifr/1PD31ZhXgbmffCLR7Qai0xtsRTdeOUnbWdFAny1UW\neDcSKGhuVJzogkwRJAz0T9czANebq1KU3auVezjz7VoMAoes63xhXK8Fr/UErw8n\nGviOWOs+w2BPAXDi7t6BjFgdHs/JF46Ms+raijDzwM+9FeBC78cxfU+3wjqbk8LC\nPeaTUXuU2FSY55hFRm/fCiPh7dMVc2boxlldGTgr37KzNFqcjn9xMYXExF3gUn/Y\nHDmuQg8eKCpATAcfevklD9QLtWSEh6qRK9x+cy2TdbXlc6V7wj2kBgZjzPqNsiKL\np33JYJmFREeEZy5QABbY/jbeKAHqXc+ALxsBDxCMJKfulaay9v8IqGlqV7YRGbgU\nuOmqhDUwcokpxMPfQ+5jcHncKDgeJK0aaFHnuBzGC5BuH02JRTyLUAabYnZ49stx\n0ULMeHMnDvm+5pZkoD9YX23MrDIeJC5TTqSgLE5/XrOxfBWJK7IP3p3q5aHE8NfJ\nakDIlaWjCxPN1Mz9+PyLOpYGkUe63wiSzXukVtZrusUN1QKVw8uAUpbM8v3lO6ML\n+Ak0xEY78CQSapuR1CaucC4sNDZNOQ1eml4Oqw2KeUFVtxPipGMCbhV1xYwD5KSe\n3eZflAHyjnuRptMtbwv1v4IrDKZfbOFY7gen5VZbE73VLJ1V5nkCggEBAP3T6haH\n23geDUAQ+oq/y2PL/rlfla/zPWboFds9Nc9bRUfwg5dlPntKgW4nKU5WkVGHXC4X\nntiiyjn9LNvCpNMKun7oLmuQ4ghpq0VyXVJmx7XVWeT3FDazcQakDHrYPRHwSYSN\nytmF2CVkNHQc5dgDmrHRcryinqH2NYTG4NpQ7agrvbcQ0xNbI6YzxzBHHKoCyKLm\nvwzXxDuFg7ciY9jDu1CLHgNyl9lM4miCXMDgszz+XgYUezPWYbxQUyeGivNaIMP6\nIkXb6unEbeFa8KGU715y+EcuWnq3h669taYibqvddjzavRgWgTaBXzQTyCqmkSL+\nnArvYC62/5uS+p0CggEBAP6nay4lDDn6mXBmKjxSZ15o0JxE9cDNU6x9DpEUmWEF\nuNPIeFttxOW/Y06/BImhqUDoP6cjkxraT19jGZWxAO/Lp6BEulhKIE89fT3e0f8W\n3kZNlwMkwzClAgsqrEEY96zwgayV6/YZx26kINvHj2DrCo60FJin/YftbW9K+b6J\n+OE9Q+GUmT0yVSNNSaR9yHv4Wc8nTp763UzJMVx+zWPmKBm97jNRUZyn1QsBD7H5\nPMieHfO0sf8+MkwmLE5AKnyT0VdfND4hUyNa8kjj+xEFZoXtZ88KQ+tzU9ilZi3B\ntFjB1MCLC1ojZYAeQ2wldRx6BojrTIQyXxUlj1Vz2O8CggEACnz7Kzsp4mi7e244\nLAuIx/Lh7573fHG8k8f7PzfkRVEsJ7DUfyj7z/RgLMEJf+cr0gaZ1H29Xo47dPH1\nLI96aA4FbsEBSgiOjnJvVUtId+MvVWAfesqK10fK389fhKPywg7/uq5xN1PEfqcJ\nU9Lt3GMpvTc+WnUNwPt/cqEVIXA+obhM+oeDcUVOz8tL677EfHHpAHIwasNvpFX7\n/1E4dvh/gPB+qP3PMHdw04ivdHjUbyzDjdTC0n2FRFa9WODCVRPgTrjDOcfAiTBI\nqgsr7kFNMsXlZGuR6Ygz3xCPtPGvSQK5pAIV1iz34dyupmQ63ShMzvleUUVa4BNH\ntJH6MQKCAQEAs6Y0bLdiKrzp5muMvEV9+xKCqNvVa5DuyK7oydz4X4QD4hR5JDcK\nQvKEApergdT0bH/r9+OW8ci1Whu1fu8CNCk+NkiGFaclqAE/C5jYGNdvM7WlJWiX\n8wdVq78NCles0upQ8QpLDrEdCqbrL2FXew4Vwpq0NQW+TFhpbaw9B/iaBXyNGOUW\nPh/2BBOQMmUyPJL1+LhINMvRt0vwcMpb53AFNjPRiY6CvruABmVXRz0HbphtlPIS\n6HheT25Wr1WBI6W8d6EIYBRubHDKoDWFd3qR20WiiGM7iy0vJ5V3wiv3KO6FQthU\nx+BUyM+QzQiX1+EWHx2wO0q13VtEBQrXLQKCAQEAm9qtDF6tztlYxfY/rNXoRySg\nSTGEUCkkSqEWPMl6s4MUA8tclqUBfRycZHx9B5T1ndd7R/E4tyT9y5znkeQ5vP28\n06VpkMQmG9oZCkfgBnyAOm2JYiL88ARDVKcoKuVv2G0Unf98Vjt7+EnGMnvPXo2b\nStQP3e4a3GwtWlY5KhvyNaQyJwNP5xeSpwv9JaRrl7cwq9nK0pdX7zhg3e90Jq/p\nrYdOkEpgQtYDT7vWOt3Ut5Pfh8o6VOn97x4ncQ8P+/ONe37/WpWWankX/yMDCOE9\nV9yw5Hq111ZvvMtSXkiAMYK6YFSTai/ORH0C3c/JivLAVT4mm8vo0eecP+7Y1w==\n-----END RSA PRIVATE KEY-----\n",
            "public_key_fingerprint_md5": "be:90:e8:74:c6:95:5d:bd:85:81:c1:d4:07:e1:02:60",
            "public_key_fingerprint_sha256": "SHA256:ZnYIHA+cb1v+Q8pnB2wZrrlA6A8RMuDnhohrm0LxcLE",
            "public_key_openssh": "ssh-rsa AAAAB3NzaC1yc2EAAAADAQABAAACAQD8fkHFYyWcbzRKKGSGAc+NYghUO3puh6GAMNbfaK/SkzXAWwW88i0NOMR34Vk03IopyVfOWfAcRYv7LeH+bIq4KI/1vv7l4AUDirPmWxqCxSbW0DIIyPiFhOSkjCjNxMZrXfPF5zO+CgoUvp2dO2WmrYANNOmVOCwy3dD8rIhRV98H+pf2HwCaxjH6/lFeYgmsad2kuBxT0slHC9Stswe6Z/SIsabuDWKPL1wKN3++tAysAKLuhwOR/8VVnweHcHUewPQHbgtLIvxzjU6S5klDMCYrBQHlJ1dntdb4PgDdq7GRvd+Up7oY7m5kBsQMRR3AqfeqE+ZSWFe74ROUlq6eRct38c/4GFKjdxHzq8TSv+y8izRjJBcYK6x697qB2lVL5lRWqIica4FNnQaEYYhhSg5OuI1wDV1phSHgsECvhKO2I1DXSzlRGOsBGHDjr0aIG1ITpFcEQfsPxbea18m/ZbDZv3iprVJoMGyy1akJKh0svUO+UASO15wL0La0SMlK23Hhm3YiT+S/FZia+FhjLEy/0Sf2zjDT+tvlB17ZYCy/bShJtw+1YB5mA0haUWAiNJLVhAeBeNlL1Mrszgl6Q3YmxJ6PMezM41taMTYcDypuL8YM1ttisaPZ9qEFcjIkB21JdD8YPLGZhw2nzWbuOECb0csoRV5AsuLV9zNwkw==\n",
            "public_key_pem": "-----BEGIN PUBLIC KEY-----\nMIICIjANBgkqhkiG9w0BAQEFAAOCAg8AMIICCgKCAgEA/H5BxWMlnG80SihkhgHP\njWIIVDt6boehgDDW32iv0pM1wFsFvPItDTjEd+FZNNyKKclXzlnwHEWL+y3h/myK\nuCiP9b7+5eAFA4qz5lsagsUm1tAyCMj4hYTkpIwozcTGa13zxeczvgoKFL6dnTtl\npq2ADTTplTgsMt3Q/KyIUVffB/qX9h8AmsYx+v5RXmIJrGndpLgcU9LJRwvUrbMH\numf0iLGm7g1ijy9cCjd/vrQMrACi7ocDkf/FVZ8Hh3B1HsD0B24LSyL8c41OkuZJ\nQzAmKwUB5SdXZ7XW+D4A3auxkb3flKe6GO5uZAbEDEUdwKn3qhPmUlhXu+ETlJau\nnkXLd/HP+BhSo3cR86vE0r/svIs0YyQXGCuseve6gdpVS+ZUVqiInGuBTZ0GhGGI\nYUoOTriNcA1daYUh4LBAr4SjtiNQ10s5URjrARhw469GiBtSE6RXBEH7D8W3mtfJ\nv2Ww2b94qa1SaDBsstWpCSodLL1DvlAEjtecC9C2tEjJSttx4Zt2Ik/kvxWYmvhY\nYyxMv9En9s4w0/rb5Qde2WAsv20oSbcPtWAeZgNIWlFgIjSS1YQHgXjZS9TK7M4J\nekN2JsSejzHszONbWjE2HA8qbi/GDNbbYrGj2fahBXIyJAdtSXQ/GDyxmYcNp81m\n7jhAm9HLKEVeQLLi1fczcJMCAwEAAQ==\n-----END PUBLIC KEY-----\n",
            "rsa_bits": 4096
          },
          "sensitive_attributes": [],
          "private": "bnVsbA=="
        }
      ]
    }
  ]
}
